
Microsoft Visual Studio Solution File, Format Version 12.00
# Visual Studio Version 16
VisualStudioVersion = 16.0.31702.278
MinimumVisualStudioVersion = 10.0.40219.1
Project("{FAE04EC0-301F-11D3-BF4B-00C04F79EFBC}") = "EmployeeWageUC7", "EmployeeWageUC7\EmployeeWageUC7.csproj", "{924B8EF0-232E-45C4-9D6B-6AA9585D1AA2}"
EndProject
Global
	GlobalSection(SolutionConfigurationPlatforms) = preSolution
		Debug|Any CPU = Debug|Any CPU
		Release|Any CPU = Release|Any CPU
	EndGlobalSection
	GlobalSection(ProjectConfigurationPlatforms) = postSolution
		{924B8EF0-232E-45C4-9D6B-6AA9585D1AA2}.Debug|Any CPU.ActiveCfg = Debug|Any CPU
		{924B8EF0-232E-45C4-9D6B-6AA9585D1AA2}.Debug|Any CPU.Build.0 = Debug|Any CPU
		{924B8EF0-232E-45C4-9D6B-6AA9585D1AA2}.Release|Any CPU.ActiveCfg = Release|Any CPU
		{924B8EF0-232E-45C4-9D6B-6AA9585D1AA2}.Release|Any CPU.Build.0 = Release|Any CPU
	EndGlobalSection
	GlobalSection(SolutionProperties) = preSolution
		HideSolutionNode = FALSE
	EndGlobalSection
	GlobalSection(ExtensibilityGlobals) = postSolution
		SolutionGuid = {5B709D28-2745-4854-8BE6-3928CAFF1474}
	EndGlobalSection
EndGlobal
